# Code generated by scarb DO NOT EDIT.
version = 1

[[package]]
name = "corelib_imports"
version = "0.1.2"
source = "git+https://github.com/keep-starknet-strange/garaga.git#48790c5a554039fee0fd9bc038cd390441baa977"

[[package]]
name = "garaga"
version = "0.18.2"
source = "git+https://github.com/keep-starknet-strange/garaga.git#48790c5a554039fee0fd9bc038cd390441baa977"
dependencies = [
 "corelib_imports",
]

[[package]]
name = "openzeppelin_access"
version = "3.0.0-alpha.2"
source = "git+https://github.com/OpenZeppelin/cairo-contracts.git?tag=v3.0.0-alpha.2#0e51722f231c0913915945d3df89e43cbb5cfc38"
dependencies = [
 "openzeppelin_interfaces",
 "openzeppelin_introspection",
]

[[package]]
name = "openzeppelin_account"
version = "3.0.0-alpha.2"
source = "git+https://github.com/OpenZeppelin/cairo-contracts.git?tag=v3.0.0-alpha.2#0e51722f231c0913915945d3df89e43cbb5cfc38"
dependencies = [
 "openzeppelin_interfaces",
 "openzeppelin_introspection",
 "openzeppelin_utils",
]

[[package]]
name = "openzeppelin_interfaces"
version = "2.1.0"
source = "git+https://github.com/OpenZeppelin/cairo-contracts.git?tag=v3.0.0-alpha.2#0e51722f231c0913915945d3df89e43cbb5cfc38"

[[package]]
name = "openzeppelin_introspection"
version = "3.0.0-alpha.2"
source = "git+https://github.com/OpenZeppelin/cairo-contracts.git?tag=v3.0.0-alpha.2#0e51722f231c0913915945d3df89e43cbb5cfc38"
dependencies = [
 "openzeppelin_interfaces",
]

[[package]]
name = "openzeppelin_token"
version = "3.0.0-alpha.2"
source = "git+https://github.com/OpenZeppelin/cairo-contracts.git?tag=v3.0.0-alpha.2#0e51722f231c0913915945d3df89e43cbb5cfc38"
dependencies = [
 "openzeppelin_access",
 "openzeppelin_account",
 "openzeppelin_interfaces",
 "openzeppelin_introspection",
 "openzeppelin_utils",
]

[[package]]
name = "openzeppelin_utils"
version = "3.0.0-alpha.2"
source = "git+https://github.com/OpenZeppelin/cairo-contracts.git?tag=v3.0.0-alpha.2#0e51722f231c0913915945d3df89e43cbb5cfc38"
dependencies = [
 "openzeppelin_interfaces",
]

[[package]]
name = "snforge_scarb_plugin"
version = "0.52.0"
source = "registry+https://scarbs.xyz/"
checksum = "sha256:c33027f8ac078e4bbfc0bd1b7e7849ffe2e6bdd6c24649d0b5ede145095b4743"

[[package]]
name = "snforge_std"
version = "0.52.0"
source = "registry+https://scarbs.xyz/"
checksum = "sha256:db8d395191bb2b526c44cee65b10a4044dc59e23a1c1d8009a73c7035760ed6b"
dependencies = [
 "snforge_scarb_plugin",
]

[[package]]
name = "zstarkwarp"
version = "0.1.0"
dependencies = [
 "garaga",
 "openzeppelin_access",
 "openzeppelin_interfaces",
 "openzeppelin_token",
 "snforge_std",
]
